{
  "name": "evmobjectformat.org",
  "lockfileVersion": 3,
  "requires": true,
  "packages": {
    "": {
      "dependencies": {
        "tablesaw": "^3.1.2"
      }
    },
    "node_modules/javascript-natural-sort": {
      "version": "0.7.1",
      "resolved": "https://registry.npmjs.org/javascript-natural-sort/-/javascript-natural-sort-0.7.1.tgz",
      "integrity": "sha512-nO6jcEfZWQXDhOiBtG2KvKyEptz7RVbpGP4vTD2hLBdmNQSsCiicO2Ioinv6UI4y9ukqnBpy+XZ9H6uLNgJTlw==",
      "optional": true
    },
    "node_modules/shoestring": {
      "version": "2.0.1",
      "resolved": "https://registry.npmjs.org/shoestring/-/shoestring-2.0.1.tgz",
      "integrity": "sha512-F2jX6NN5OtZLzmt2Pnsfr4YZf7+H+3oZMTgRubtcS9Q+RuH0jZZASNsHkbrosX3GlHHfCF6QJgih+pxEY/pXhQ=="
    },
    "node_modules/tablesaw": {
      "version": "3.1.2",
      "resolved": "https://registry.npmjs.org/tablesaw/-/tablesaw-3.1.2.tgz",
      "integrity": "sha512-TiFLcAaeM1OUysVO90nK2gMhFC/dukSt/RAFD3YkvawPyH6f/TGxPpvEe58vE/HM4iJlsvFMSoLJ5D600RtHrw==",
      "dependencies": {
        "shoestring": "^2.0.0"
      },
      "engines": {
        "node": ">= 4"
      },
      "optionalDependencies": {
        "javascript-natural-sort": "^0.7.1"
      }
    }
  }
}
